
Microsoft Visual Studio Solution File, Format Version 12.00
# Visual Studio 2013
VisualStudioVersion = 12.0.31101.0
MinimumVisualStudioVersion = 10.0.40219.1
Project("{FAE04EC0-301F-11D3-BF4B-00C04F79EFBC}") = "Sitecore.Octopus.ContentPackageGenerator", "Sitecore.Octopus.ContentPackageGenerator\Sitecore.Octopus.ContentPackageGenerator.csproj", "{645EC0BA-36A8-462A-B289-9D546B837DEB}"
EndProject
Project("{FAE04EC0-301F-11D3-BF4B-00C04F79EFBC}") = "Sitecore.Octopus.Business", "Sitecore.Octopus.Business\Sitecore.Octopus.Business.csproj", "{408DA4A4-B15B-4F13-838B-7E76BF1C96CB}"
EndProject
Project("{2150E333-8FDC-42A3-9474-1A3956D46DE8}") = "Sample Build Scripts", "Sample Build Scripts", "{B5C2E926-21F0-4F2E-A928-08EC3B31910E}"
	ProjectSection(SolutionItems) = preProject
		Sample Powershell Build Scripts\Sitecore.Octopus.ps1 = Sample Powershell Build Scripts\Sitecore.Octopus.ps1
	EndProjectSection
EndProject
Project("{2150E333-8FDC-42A3-9474-1A3956D46DE8}") = "Unit Tests", "Unit Tests", "{8132876F-E356-4982-A8AD-042B9760DF4B}"
EndProject
Project("{FAE04EC0-301F-11D3-BF4B-00C04F79EFBC}") = "Sitecore.Octopus.Business.Tests", "Sitecore.Octopus.Business.Tests\Sitecore.Octopus.Business.Tests.csproj", "{D46A9804-1FE5-4BC4-8E09-05B1F71A390F}"
EndProject
Project("{FAE04EC0-301F-11D3-BF4B-00C04F79EFBC}") = "Sitecore.Octopus.ItemsTopublishGenerator", "Sitecore.Octopus.ItemsTopublishGenerator\Sitecore.Octopus.ItemsTopublishGenerator.csproj", "{F3AED532-3386-4B0A-A34B-51BE46B31119}"
EndProject
Global
	GlobalSection(SolutionConfigurationPlatforms) = preSolution
		Debug|Any CPU = Debug|Any CPU
		Release|Any CPU = Release|Any CPU
	EndGlobalSection
	GlobalSection(ProjectConfigurationPlatforms) = postSolution
		{645EC0BA-36A8-462A-B289-9D546B837DEB}.Debug|Any CPU.ActiveCfg = Debug|Any CPU
		{645EC0BA-36A8-462A-B289-9D546B837DEB}.Debug|Any CPU.Build.0 = Debug|Any CPU
		{645EC0BA-36A8-462A-B289-9D546B837DEB}.Release|Any CPU.ActiveCfg = Release|Any CPU
		{645EC0BA-36A8-462A-B289-9D546B837DEB}.Release|Any CPU.Build.0 = Release|Any CPU
		{408DA4A4-B15B-4F13-838B-7E76BF1C96CB}.Debug|Any CPU.ActiveCfg = Debug|Any CPU
		{408DA4A4-B15B-4F13-838B-7E76BF1C96CB}.Debug|Any CPU.Build.0 = Debug|Any CPU
		{408DA4A4-B15B-4F13-838B-7E76BF1C96CB}.Release|Any CPU.ActiveCfg = Release|Any CPU
		{408DA4A4-B15B-4F13-838B-7E76BF1C96CB}.Release|Any CPU.Build.0 = Release|Any CPU
		{D46A9804-1FE5-4BC4-8E09-05B1F71A390F}.Debug|Any CPU.ActiveCfg = Debug|Any CPU
		{D46A9804-1FE5-4BC4-8E09-05B1F71A390F}.Debug|Any CPU.Build.0 = Debug|Any CPU
		{D46A9804-1FE5-4BC4-8E09-05B1F71A390F}.Release|Any CPU.ActiveCfg = Release|Any CPU
		{D46A9804-1FE5-4BC4-8E09-05B1F71A390F}.Release|Any CPU.Build.0 = Release|Any CPU
		{F3AED532-3386-4B0A-A34B-51BE46B31119}.Debug|Any CPU.ActiveCfg = Debug|Any CPU
		{F3AED532-3386-4B0A-A34B-51BE46B31119}.Debug|Any CPU.Build.0 = Debug|Any CPU
		{F3AED532-3386-4B0A-A34B-51BE46B31119}.Release|Any CPU.ActiveCfg = Release|Any CPU
		{F3AED532-3386-4B0A-A34B-51BE46B31119}.Release|Any CPU.Build.0 = Release|Any CPU
	EndGlobalSection
	GlobalSection(SolutionProperties) = preSolution
		HideSolutionNode = FALSE
	EndGlobalSection
	GlobalSection(NestedProjects) = preSolution
		{D46A9804-1FE5-4BC4-8E09-05B1F71A390F} = {8132876F-E356-4982-A8AD-042B9760DF4B}
	EndGlobalSection
EndGlobal
